{
  "requires": true,
  "lockfileVersion": 1,
  "dependencies": {
    "@rayyamhk/complex": {
      "version": "1.0.12",
      "resolved": "https://registry.npmjs.org/@rayyamhk/complex/-/complex-1.0.12.tgz",
      "integrity": "sha512-UWvzpf+38nl0M5+ocRIyRvAodW+qLa5LaxECRmcnT6PQxhpkMHAE6E32+qu+YM3iYj+JpVo26glgu3xGkoef0w=="
    },
    "@rayyamhk/matrix": {
      "version": "1.0.6",
      "resolved": "https://registry.npmjs.org/@rayyamhk/matrix/-/matrix-1.0.6.tgz",
      "integrity": "sha512-A2g0frvJfrVHFcXrAYHDwq02gGf5kWPNUn8tpJT3nQ96vp3g/EVe6jCxUQe/o0YTrOtM5WAUnfT2xP38i6LmTQ==",
      "requires": {
        "@rayyamhk/complex": "^1.0.10"
      }
    },
    "kalman-filter": {
      "version": "1.9.2",
      "resolved": "https://registry.npmjs.org/kalman-filter/-/kalman-filter-1.9.2.tgz",
      "integrity": "sha512-/e9ybLw8tP2xhUE9Ck10wRseZngOu1XZVaj7PXOWJkW3DU+zShniviT3dsMdLFItm/MM7bINCEyPMffDVcuCPA==",
      "requires": {
        "@rayyamhk/matrix": "^1.0.5",
        "matrix-inverse": "^2.0.0"
      }
    },
    "matrix-inverse": {
      "version": "2.0.0",
      "resolved": "https://registry.npmjs.org/matrix-inverse/-/matrix-inverse-2.0.0.tgz",
      "integrity": "sha512-iUZfjmnAEDah54qLlj63PYFnZvcCwW+mhfYgf3KrtDn1ruyVE5vFrEeJ77RfsHaqMN/L3ZLnP+5/O2E7bgKEvQ=="
    }
  }
}
